
Microsoft Visual Studio Solution File, Format Version 12.00
# Visual Studio Version 16
VisualStudioVersion = 16.0.31105.61
MinimumVisualStudioVersion = 10.0.40219.1
Project("{FAE04EC0-301F-11D3-BF4B-00C04F79EFBC}") = "ExampleApi", "ExampleApi\ExampleApi.csproj", "{D911DE9C-9756-4DC3-B1EC-2F89592D6E55}"
EndProject
Project("{FAE04EC0-301F-11D3-BF4B-00C04F79EFBC}") = "WinFormsApp1", "WinFormsApp1\WinFormsApp1.csproj", "{B4084B58-6ADC-471C-8374-327C88C94813}"
EndProject
Global
	GlobalSection(SolutionConfigurationPlatforms) = preSolution
		Debug|Any CPU = Debug|Any CPU
		Release|Any CPU = Release|Any CPU
	EndGlobalSection
	GlobalSection(ProjectConfigurationPlatforms) = postSolution
		{D911DE9C-9756-4DC3-B1EC-2F89592D6E55}.Debug|Any CPU.ActiveCfg = Debug|Any CPU
		{D911DE9C-9756-4DC3-B1EC-2F89592D6E55}.Debug|Any CPU.Build.0 = Debug|Any CPU
		{D911DE9C-9756-4DC3-B1EC-2F89592D6E55}.Release|Any CPU.ActiveCfg = Release|Any CPU
		{D911DE9C-9756-4DC3-B1EC-2F89592D6E55}.Release|Any CPU.Build.0 = Release|Any CPU
		{B4084B58-6ADC-471C-8374-327C88C94813}.Debug|Any CPU.ActiveCfg = Debug|Any CPU
		{B4084B58-6ADC-471C-8374-327C88C94813}.Debug|Any CPU.Build.0 = Debug|Any CPU
		{B4084B58-6ADC-471C-8374-327C88C94813}.Release|Any CPU.ActiveCfg = Release|Any CPU
		{B4084B58-6ADC-471C-8374-327C88C94813}.Release|Any CPU.Build.0 = Release|Any CPU
	EndGlobalSection
	GlobalSection(SolutionProperties) = preSolution
		HideSolutionNode = FALSE
	EndGlobalSection
	GlobalSection(ExtensibilityGlobals) = postSolution
		SolutionGuid = {26554461-8F79-4C66-9F13-6576A1F9C116}
	EndGlobalSection
EndGlobal
